
Microsoft Visual Studio Solution File, Format Version 12.00
# Visual Studio Version 17
VisualStudioVersion = 17.2.32630.192
MinimumVisualStudioVersion = 10.0.40219.1
Project("{9A19103F-16F7-4668-BE54-9A1E7A4F7556}") = "WaveformTimeline", "WaveformTimeline\WaveformTimeline.csproj", "{893E3694-AA6F-4E39-B5E3-E95798445B8C}"
EndProject
Project("{9A19103F-16F7-4668-BE54-9A1E7A4F7556}") = "WaveformTimelineTests", "WaveformTimelineTests\WaveformTimelineTests.csproj", "{32C97BC8-5BC0-48FA-9E21-E42A49C056CB}"
EndProject
Project("{9A19103F-16F7-4668-BE54-9A1E7A4F7556}") = "WaveformTimelineDemo", "WaveformTimelineDemo\WaveformTimelineDemo.csproj", "{0471122F-5571-45EA-B65D-41AB949F7821}"
EndProject
Project("{2150E333-8FDC-42A3-9474-1A3956D46DE8}") = "Solution Items", "Solution Items", "{A220438C-BACC-423F-8AFF-77E6D649D724}"
	ProjectSection(SolutionItems) = preProject
		.github\workflows\dotnet-desktop.yml = .github\workflows\dotnet-desktop.yml
		LICENSE = LICENSE
		README.md = README.md
	EndProjectSection
EndProject
Global
	GlobalSection(SolutionConfigurationPlatforms) = preSolution
		Debug|Any CPU = Debug|Any CPU
		Release|Any CPU = Release|Any CPU
	EndGlobalSection
	GlobalSection(ProjectConfigurationPlatforms) = postSolution
		{893E3694-AA6F-4E39-B5E3-E95798445B8C}.Debug|Any CPU.ActiveCfg = Debug|Any CPU
		{893E3694-AA6F-4E39-B5E3-E95798445B8C}.Debug|Any CPU.Build.0 = Debug|Any CPU
		{893E3694-AA6F-4E39-B5E3-E95798445B8C}.Release|Any CPU.ActiveCfg = Release|Any CPU
		{893E3694-AA6F-4E39-B5E3-E95798445B8C}.Release|Any CPU.Build.0 = Release|Any CPU
		{32C97BC8-5BC0-48FA-9E21-E42A49C056CB}.Debug|Any CPU.ActiveCfg = Debug|Any CPU
		{32C97BC8-5BC0-48FA-9E21-E42A49C056CB}.Debug|Any CPU.Build.0 = Debug|Any CPU
		{32C97BC8-5BC0-48FA-9E21-E42A49C056CB}.Release|Any CPU.ActiveCfg = Release|Any CPU
		{32C97BC8-5BC0-48FA-9E21-E42A49C056CB}.Release|Any CPU.Build.0 = Release|Any CPU
		{0471122F-5571-45EA-B65D-41AB949F7821}.Debug|Any CPU.ActiveCfg = Debug|Any CPU
		{0471122F-5571-45EA-B65D-41AB949F7821}.Debug|Any CPU.Build.0 = Debug|Any CPU
		{0471122F-5571-45EA-B65D-41AB949F7821}.Release|Any CPU.ActiveCfg = Release|Any CPU
		{0471122F-5571-45EA-B65D-41AB949F7821}.Release|Any CPU.Build.0 = Release|Any CPU
	EndGlobalSection
	GlobalSection(SolutionProperties) = preSolution
		HideSolutionNode = FALSE
	EndGlobalSection
	GlobalSection(ExtensibilityGlobals) = postSolution
		SolutionGuid = {91C6C849-A99B-4BE8-AE52-8C63DBD34D14}
	EndGlobalSection
EndGlobal
