
Microsoft Visual Studio Solution File, Format Version 12.00
# Visual Studio 15
VisualStudioVersion = 15.0.28307.329
MinimumVisualStudioVersion = 10.0.40219.1
Project("{FAE04EC0-301F-11D3-BF4B-00C04F79EFBC}") = "WaveformTimeline", "WaveformTimeline\WaveformTimeline.csproj", "{8F005A5D-9325-4CB5-8359-53A7203B9DAF}"
EndProject
Project("{FAE04EC0-301F-11D3-BF4B-00C04F79EFBC}") = "WaveformTimelineTests", "WaveformTimelineTests\WaveformTimelineTests.csproj", "{4868A7D9-93E1-4344-9D69-76EBB802DD06}"
EndProject
Project("{FAE04EC0-301F-11D3-BF4B-00C04F79EFBC}") = "WaveformTimelineDemo", "WaveformTimelineDemo\WaveformTimelineDemo.csproj", "{2061D02E-C467-4B94-AAA3-28574DF51804}"
EndProject
Global
	GlobalSection(SolutionConfigurationPlatforms) = preSolution
		Debug|Any CPU = Debug|Any CPU
		Release|Any CPU = Release|Any CPU
	EndGlobalSection
	GlobalSection(ProjectConfigurationPlatforms) = postSolution
		{8F005A5D-9325-4CB5-8359-53A7203B9DAF}.Debug|Any CPU.ActiveCfg = Debug|Any CPU
		{8F005A5D-9325-4CB5-8359-53A7203B9DAF}.Debug|Any CPU.Build.0 = Debug|Any CPU
		{8F005A5D-9325-4CB5-8359-53A7203B9DAF}.Release|Any CPU.ActiveCfg = Release|Any CPU
		{8F005A5D-9325-4CB5-8359-53A7203B9DAF}.Release|Any CPU.Build.0 = Release|Any CPU
		{4868A7D9-93E1-4344-9D69-76EBB802DD06}.Debug|Any CPU.ActiveCfg = Debug|Any CPU
		{4868A7D9-93E1-4344-9D69-76EBB802DD06}.Debug|Any CPU.Build.0 = Debug|Any CPU
		{4868A7D9-93E1-4344-9D69-76EBB802DD06}.Release|Any CPU.ActiveCfg = Release|Any CPU
		{4868A7D9-93E1-4344-9D69-76EBB802DD06}.Release|Any CPU.Build.0 = Release|Any CPU
		{2061D02E-C467-4B94-AAA3-28574DF51804}.Debug|Any CPU.ActiveCfg = Debug|Any CPU
		{2061D02E-C467-4B94-AAA3-28574DF51804}.Debug|Any CPU.Build.0 = Debug|Any CPU
		{2061D02E-C467-4B94-AAA3-28574DF51804}.Release|Any CPU.ActiveCfg = Release|Any CPU
		{2061D02E-C467-4B94-AAA3-28574DF51804}.Release|Any CPU.Build.0 = Release|Any CPU
	EndGlobalSection
	GlobalSection(SolutionProperties) = preSolution
		HideSolutionNode = FALSE
	EndGlobalSection
	GlobalSection(ExtensibilityGlobals) = postSolution
		SolutionGuid = {3D5BF873-5593-48F8-ABF7-C740CA7D8E78}
	EndGlobalSection
EndGlobal
