
Microsoft Visual Studio Solution File, Format Version 12.00
# Visual Studio Version 17
VisualStudioVersion = 17.2.32630.192
MinimumVisualStudioVersion = 10.0.40219.1
Project("{9A19103F-16F7-4668-BE54-9A1E7A4F7556}") = "WaveformTimeline", "WaveformTimeline\WaveformTimeline.csproj", "{893E3694-AA6F-4E39-B5E3-E95798445B8C}"
EndProject
Project("{9A19103F-16F7-4668-BE54-9A1E7A4F7556}") = "WaveformTimelineTests", "WaveformTimelineTests\WaveformTimelineTests.csproj", "{32C97BC8-5BC0-48FA-9E21-E42A49C056CB}"
EndProject
Project("{9A19103F-16F7-4668-BE54-9A1E7A4F7556}") = "WaveformTimelineDemo", "WaveformTimelineDemo\WaveformTimelineDemo.csproj", "{0471122F-5571-45EA-B65D-41AB949F7821}"
EndProject
Project("{2150E333-8FDC-42A3-9474-1A3956D46DE8}") = "Solution Items", "Solution Items", "{A220438C-BACC-423F-8AFF-77E6D649D724}"
	ProjectSection(SolutionItems) = preProject
		.github\workflows\dotnet-desktop.yml = .github\workflows\dotnet-desktop.yml
		LICENSE = LICENSE
		.github\workflows\publish-to-nuget.yml = .github\workflows\publish-to-nuget.yml
		README.md = README.md
	EndProjectSection
EndProject
Project("{FAE04EC0-301F-11D3-BF4B-00C04F79EFBC}") = "WaveformTimeline.Shared", "WaveformTimeline.Shared\WaveformTimeline.Shared.csproj", "{716974EF-0E34-4E8C-8146-02B761E0F3C9}"
EndProject
Project("{FAE04EC0-301F-11D3-BF4B-00C04F79EFBC}") = "WaveformTimeline.Avalonia", "WaveformTimeline.Avalonia\WaveformTimeline.Avalonia.csproj", "{CD7561A3-26CA-4B81-834E-78797F1A633C}"
EndProject
Project("{FAE04EC0-301F-11D3-BF4B-00C04F79EFBC}") = "WaveformTimelineDemo.Avalonia", "WaveformTimelineDemo.Avalonia\WaveformTimelineDemo.Avalonia.csproj", "{E3A1B2C4-5D6E-7F80-9A1B-2C3D4E5F6A7B}"
EndProject
Global
	GlobalSection(SolutionConfigurationPlatforms) = preSolution
		Debug|Any CPU = Debug|Any CPU
		Debug|x64 = Debug|x64
		Debug|x86 = Debug|x86
		Release|Any CPU = Release|Any CPU
		Release|x64 = Release|x64
		Release|x86 = Release|x86
	EndGlobalSection
	GlobalSection(ProjectConfigurationPlatforms) = postSolution
		{893E3694-AA6F-4E39-B5E3-E95798445B8C}.Debug|Any CPU.ActiveCfg = Debug|Any CPU
		{893E3694-AA6F-4E39-B5E3-E95798445B8C}.Debug|Any CPU.Build.0 = Debug|Any CPU
		{893E3694-AA6F-4E39-B5E3-E95798445B8C}.Debug|x64.ActiveCfg = Debug|Any CPU
		{893E3694-AA6F-4E39-B5E3-E95798445B8C}.Debug|x64.Build.0 = Debug|Any CPU
		{893E3694-AA6F-4E39-B5E3-E95798445B8C}.Debug|x86.ActiveCfg = Debug|Any CPU
		{893E3694-AA6F-4E39-B5E3-E95798445B8C}.Debug|x86.Build.0 = Debug|Any CPU
		{893E3694-AA6F-4E39-B5E3-E95798445B8C}.Release|Any CPU.ActiveCfg = Release|Any CPU
		{893E3694-AA6F-4E39-B5E3-E95798445B8C}.Release|Any CPU.Build.0 = Release|Any CPU
		{893E3694-AA6F-4E39-B5E3-E95798445B8C}.Release|x64.ActiveCfg = Release|Any CPU
		{893E3694-AA6F-4E39-B5E3-E95798445B8C}.Release|x64.Build.0 = Release|Any CPU
		{893E3694-AA6F-4E39-B5E3-E95798445B8C}.Release|x86.ActiveCfg = Release|Any CPU
		{893E3694-AA6F-4E39-B5E3-E95798445B8C}.Release|x86.Build.0 = Release|Any CPU
		{32C97BC8-5BC0-48FA-9E21-E42A49C056CB}.Debug|Any CPU.ActiveCfg = Debug|Any CPU
		{32C97BC8-5BC0-48FA-9E21-E42A49C056CB}.Debug|Any CPU.Build.0 = Debug|Any CPU
		{32C97BC8-5BC0-48FA-9E21-E42A49C056CB}.Debug|x64.ActiveCfg = Debug|Any CPU
		{32C97BC8-5BC0-48FA-9E21-E42A49C056CB}.Debug|x64.Build.0 = Debug|Any CPU
		{32C97BC8-5BC0-48FA-9E21-E42A49C056CB}.Debug|x86.ActiveCfg = Debug|Any CPU
		{32C97BC8-5BC0-48FA-9E21-E42A49C056CB}.Debug|x86.Build.0 = Debug|Any CPU
		{32C97BC8-5BC0-48FA-9E21-E42A49C056CB}.Release|Any CPU.ActiveCfg = Release|Any CPU
		{32C97BC8-5BC0-48FA-9E21-E42A49C056CB}.Release|Any CPU.Build.0 = Release|Any CPU
		{32C97BC8-5BC0-48FA-9E21-E42A49C056CB}.Release|x64.ActiveCfg = Release|Any CPU
		{32C97BC8-5BC0-48FA-9E21-E42A49C056CB}.Release|x64.Build.0 = Release|Any CPU
		{32C97BC8-5BC0-48FA-9E21-E42A49C056CB}.Release|x86.ActiveCfg = Release|Any CPU
		{32C97BC8-5BC0-48FA-9E21-E42A49C056CB}.Release|x86.Build.0 = Release|Any CPU
		{0471122F-5571-45EA-B65D-41AB949F7821}.Debug|Any CPU.ActiveCfg = Debug|Any CPU
		{0471122F-5571-45EA-B65D-41AB949F7821}.Debug|Any CPU.Build.0 = Debug|Any CPU
		{0471122F-5571-45EA-B65D-41AB949F7821}.Debug|x64.ActiveCfg = Debug|Any CPU
		{0471122F-5571-45EA-B65D-41AB949F7821}.Debug|x64.Build.0 = Debug|Any CPU
		{0471122F-5571-45EA-B65D-41AB949F7821}.Debug|x86.ActiveCfg = Debug|Any CPU
		{0471122F-5571-45EA-B65D-41AB949F7821}.Debug|x86.Build.0 = Debug|Any CPU
		{0471122F-5571-45EA-B65D-41AB949F7821}.Release|Any CPU.ActiveCfg = Release|Any CPU
		{0471122F-5571-45EA-B65D-41AB949F7821}.Release|Any CPU.Build.0 = Release|Any CPU
		{0471122F-5571-45EA-B65D-41AB949F7821}.Release|x64.ActiveCfg = Release|Any CPU
		{0471122F-5571-45EA-B65D-41AB949F7821}.Release|x64.Build.0 = Release|Any CPU
		{0471122F-5571-45EA-B65D-41AB949F7821}.Release|x86.ActiveCfg = Release|Any CPU
		{0471122F-5571-45EA-B65D-41AB949F7821}.Release|x86.Build.0 = Release|Any CPU
		{716974EF-0E34-4E8C-8146-02B761E0F3C9}.Debug|Any CPU.ActiveCfg = Debug|Any CPU
		{716974EF-0E34-4E8C-8146-02B761E0F3C9}.Debug|Any CPU.Build.0 = Debug|Any CPU
		{716974EF-0E34-4E8C-8146-02B761E0F3C9}.Debug|x64.ActiveCfg = Debug|Any CPU
		{716974EF-0E34-4E8C-8146-02B761E0F3C9}.Debug|x64.Build.0 = Debug|Any CPU
		{716974EF-0E34-4E8C-8146-02B761E0F3C9}.Debug|x86.ActiveCfg = Debug|Any CPU
		{716974EF-0E34-4E8C-8146-02B761E0F3C9}.Debug|x86.Build.0 = Debug|Any CPU
		{716974EF-0E34-4E8C-8146-02B761E0F3C9}.Release|Any CPU.ActiveCfg = Release|Any CPU
		{716974EF-0E34-4E8C-8146-02B761E0F3C9}.Release|Any CPU.Build.0 = Release|Any CPU
		{716974EF-0E34-4E8C-8146-02B761E0F3C9}.Release|x64.ActiveCfg = Release|Any CPU
		{716974EF-0E34-4E8C-8146-02B761E0F3C9}.Release|x64.Build.0 = Release|Any CPU
		{716974EF-0E34-4E8C-8146-02B761E0F3C9}.Release|x86.ActiveCfg = Release|Any CPU
		{716974EF-0E34-4E8C-8146-02B761E0F3C9}.Release|x86.Build.0 = Release|Any CPU
		{CD7561A3-26CA-4B81-834E-78797F1A633C}.Debug|Any CPU.ActiveCfg = Debug|Any CPU
		{CD7561A3-26CA-4B81-834E-78797F1A633C}.Debug|Any CPU.Build.0 = Debug|Any CPU
		{CD7561A3-26CA-4B81-834E-78797F1A633C}.Debug|x64.ActiveCfg = Debug|Any CPU
		{CD7561A3-26CA-4B81-834E-78797F1A633C}.Debug|x64.Build.0 = Debug|Any CPU
		{CD7561A3-26CA-4B81-834E-78797F1A633C}.Debug|x86.ActiveCfg = Debug|Any CPU
		{CD7561A3-26CA-4B81-834E-78797F1A633C}.Debug|x86.Build.0 = Debug|Any CPU
		{CD7561A3-26CA-4B81-834E-78797F1A633C}.Release|Any CPU.ActiveCfg = Release|Any CPU
		{CD7561A3-26CA-4B81-834E-78797F1A633C}.Release|Any CPU.Build.0 = Release|Any CPU
		{CD7561A3-26CA-4B81-834E-78797F1A633C}.Release|x64.ActiveCfg = Release|Any CPU
		{CD7561A3-26CA-4B81-834E-78797F1A633C}.Release|x64.Build.0 = Release|Any CPU
		{CD7561A3-26CA-4B81-834E-78797F1A633C}.Release|x86.ActiveCfg = Release|Any CPU
		{CD7561A3-26CA-4B81-834E-78797F1A633C}.Release|x86.Build.0 = Release|Any CPU
		{E3A1B2C4-5D6E-7F80-9A1B-2C3D4E5F6A7B}.Debug|Any CPU.ActiveCfg = Debug|Any CPU
		{E3A1B2C4-5D6E-7F80-9A1B-2C3D4E5F6A7B}.Debug|Any CPU.Build.0 = Debug|Any CPU
		{E3A1B2C4-5D6E-7F80-9A1B-2C3D4E5F6A7B}.Debug|x64.ActiveCfg = Debug|Any CPU
		{E3A1B2C4-5D6E-7F80-9A1B-2C3D4E5F6A7B}.Debug|x64.Build.0 = Debug|Any CPU
		{E3A1B2C4-5D6E-7F80-9A1B-2C3D4E5F6A7B}.Debug|x86.ActiveCfg = Debug|Any CPU
		{E3A1B2C4-5D6E-7F80-9A1B-2C3D4E5F6A7B}.Debug|x86.Build.0 = Debug|Any CPU
		{E3A1B2C4-5D6E-7F80-9A1B-2C3D4E5F6A7B}.Release|Any CPU.ActiveCfg = Release|Any CPU
		{E3A1B2C4-5D6E-7F80-9A1B-2C3D4E5F6A7B}.Release|Any CPU.Build.0 = Release|Any CPU
		{E3A1B2C4-5D6E-7F80-9A1B-2C3D4E5F6A7B}.Release|x64.ActiveCfg = Release|Any CPU
		{E3A1B2C4-5D6E-7F80-9A1B-2C3D4E5F6A7B}.Release|x64.Build.0 = Release|Any CPU
		{E3A1B2C4-5D6E-7F80-9A1B-2C3D4E5F6A7B}.Release|x86.ActiveCfg = Release|Any CPU
		{E3A1B2C4-5D6E-7F80-9A1B-2C3D4E5F6A7B}.Release|x86.Build.0 = Release|Any CPU
	EndGlobalSection
	GlobalSection(SolutionProperties) = preSolution
		HideSolutionNode = FALSE
	EndGlobalSection
	GlobalSection(ExtensibilityGlobals) = postSolution
		SolutionGuid = {91C6C849-A99B-4BE8-AE52-8C63DBD34D14}
	EndGlobalSection
EndGlobal
